// !$*UTF8*$!
{
	archiveVersion = 1;
	classes = {
	};
	objectVersion = 50;
	objects = {

/* Begin PBXBuildFile section */
		D395984620A8CD900024F29F /* AppDelegate.swift in Sources */ = {isa = PBXBuildFile; fileRef = D395984520A8CD900024F29F /* AppDelegate.swift */; };
		D395984820A8CD900024F29F /* ViewController.swift in Sources */ = {isa = PBXBuildFile; fileRef = D395984720A8CD900024F29F /* ViewController.swift */; };
		D395984B20A8CD900024F29F /* Main.storyboard in Resources */ = {isa = PBXBuildFile; fileRef = D395984920A8CD900024F29F /* Main.storyboard */; };
		D395984D20A8CD920024F29F /* Assets.xcassets in Resources */ = {isa = PBXBuildFile; fileRef = D395984C20A8CD920024F29F /* Assets.xcassets */; };
		D395985020A8CD920024F29F /* LaunchScreen.storyboard in Resources */ = {isa = PBXBuildFile; fileRef = D395984E20A8CD920024F29F /* LaunchScreen.storyboard */; };
		D395985B20A8CD920024F29F /* Home_Depot_AssessmentTests.swift in Sources */ = {isa = PBXBuildFile; fileRef = D395985A20A8CD920024F29F /* Home_Depot_AssessmentTests.swift */; };
		D395986620A8CD920024F29F /* Home_Depot_AssessmentUITests.swift in Sources */ = {isa = PBXBuildFile; fileRef = D395986520A8CD920024F29F /* Home_Depot_AssessmentUITests.swift */; };
		D395987520A8CE270024F29F /* GridLayout.swift in Sources */ = {isa = PBXBuildFile; fileRef = D395987320A8CE270024F29F /* GridLayout.swift */; };
		D395987620A8CE270024F29F /* ListLayout.swift in Sources */ = {isa = PBXBuildFile; fileRef = D395987420A8CE270024F29F /* ListLayout.swift */; };
		D395987A20A8D86E0024F29F /* DetailViewCell.swift in Sources */ = {isa = PBXBuildFile; fileRef = D395987920A8D86E0024F29F /* DetailViewCell.swift */; };
/* End PBXBuildFile section */

/* Begin PBXContainerItemProxy section */
		D395985720A8CD920024F29F /* PBXContainerItemProxy */ = {
			isa = PBXContainerItemProxy;
			containerPortal = D395983A20A8CD900024F29F /* Project object */;
			proxyType = 1;
			remoteGlobalIDString = D395984120A8CD900024F29F;
			remoteInfo = "Home Depot Assessment";
		};
		D395986220A8CD920024F29F /* PBXContainerItemProxy */ = {
			isa = PBXContainerItemProxy;
			containerPortal = D395983A20A8CD900024F29F /* Project object */;
			proxyType = 1;
			remoteGlobalIDString = D395984120A8CD900024F29F;
			remoteInfo = "Home Depot Assessment";
		};
/* End PBXContainerItemProxy section */

/* Begin PBXFileReference section */
		D395984220A8CD900024F29F /* Home Depot Assessment.app */ = {isa = PBXFileReference; explicitFileType = wrapper.application; includeInIndex = 0; path = "Home Depot Assessment.app"; sourceTree = BUILT_PRODUCTS_DIR; };
		D395984520A8CD900024F29F /* AppDelegate.swift */ = {isa = PBXFileReference; lastKnownFileType = sourcecode.swift; path = AppDelegate.swift; sourceTree = "<group>"; };
		D395984720A8CD900024F29F /* ViewController.swift */ = {isa = PBXFileReference; lastKnownFileType = sourcecode.swift; path = ViewController.swift; sourceTree = "<group>"; };
		D395984A20A8CD900024F29F /* Base */ = {isa = PBXFileReference; lastKnownFileType = file.storyboard; name = Base; path = Base.lproj/Main.storyboard; sourceTree = "<group>"; };
		D395984C20A8CD920024F29F /* Assets.xcassets */ = {isa = PBXFileReference; lastKnownFileType = folder.assetcatalog; path = Assets.xcassets; sourceTree = "<group>"; };
		D395984F20A8CD920024F29F /* Base */ = {isa = PBXFileReference; lastKnownFileType = file.storyboard; name = Base; path = Base.lproj/LaunchScreen.storyboard; sourceTree = "<group>"; };
		D395985120A8CD920024F29F /* Info.plist */ = {isa = PBXFileReference; lastKnownFileType = text.plist.xml; path = Info.plist; sourceTree = "<group>"; };
		D395985620A8CD920024F29F /* Home Depot AssessmentTests.xctest */ = {isa = PBXFileReference; explicitFileType = wrapper.cfbundle; includeInIndex = 0; path = "Home Depot AssessmentTests.xctest"; sourceTree = BUILT_PRODUCTS_DIR; };
		D395985A20A8CD920024F29F /* Home_Depot_AssessmentTests.swift */ = {isa = PBXFileReference; lastKnownFileType = sourcecode.swift; path = Home_Depot_AssessmentTests.swift; sourceTree = "<group>"; };
		D395985C20A8CD920024F29F /* Info.plist */ = {isa = PBXFileReference; lastKnownFileType = text.plist.xml; path = Info.plist; sourceTree = "<group>"; };
		D395986120A8CD920024F29F /* Home Depot AssessmentUITests.xctest */ = {isa = PBXFileReference; explicitFileType = wrapper.cfbundle; includeInIndex = 0; path = "Home Depot AssessmentUITests.xctest"; sourceTree = BUILT_PRODUCTS_DIR; };
		D395986520A8CD920024F29F /* Home_Depot_AssessmentUITests.swift */ = {isa = PBXFileReference; lastKnownFileType = sourcecode.swift; path = Home_Depot_AssessmentUITests.swift; sourceTree = "<group>"; };
		D395986720A8CD920024F29F /* Info.plist */ = {isa = PBXFileReference; lastKnownFileType = text.plist.xml; path = Info.plist; sourceTree = "<group>"; };
		D395987320A8CE270024F29F /* GridLayout.swift */ = {isa = PBXFileReference; fileEncoding = 4; lastKnownFileType = sourcecode.swift; name = GridLayout.swift; path = "../../../Downloads/grid_tutorial-switching_layouts/GridLayout/GridLayout/GridLayout.swift"; sourceTree = "<group>"; };
		D395987420A8CE270024F29F /* ListLayout.swift */ = {isa = PBXFileReference; fileEncoding = 4; lastKnownFileType = sourcecode.swift; name = ListLayout.swift; path = "../../../Downloads/grid_tutorial-switching_layouts/GridLayout/GridLayout/ListLayout.swift"; sourceTree = "<group>"; };
		D395987920A8D86E0024F29F /* DetailViewCell.swift */ = {isa = PBXFileReference; lastKnownFileType = sourcecode.swift; path = DetailViewCell.swift; sourceTree = "<group>"; };
/* End PBXFileReference section */

/* Begin PBXFrameworksBuildPhase section */
		D395983F20A8CD900024F29F /* Frameworks */ = {
			isa = PBXFrameworksBuildPhase;
			buildActionMask = 2147483647;
			files = (
			);
			runOnlyForDeploymentPostprocessing = 0;
		};
		D395985320A8CD920024F29F /* Frameworks */ = {
			isa = PBXFrameworksBuildPhase;
			buildActionMask = 2147483647;
			files = (
			);
			runOnlyForDeploymentPostprocessing = 0;
		};
		D395985E20A8CD920024F29F /* Frameworks */ = {
			isa = PBXFrameworksBuildPhase;
			buildActionMask = 2147483647;
			files = (
			);
			runOnlyForDeploymentPostprocessing = 0;
		};
/* End PBXFrameworksBuildPhase section */

/* Begin PBXGroup section */
		D395983920A8CD900024F29F = {
			isa = PBXGroup;
			children = (
				D395984420A8CD900024F29F /* Home Depot Assessment */,
				D395985920A8CD920024F29F /* Home Depot AssessmentTests */,
				D395986420A8CD920024F29F /* Home Depot AssessmentUITests */,
				D395984320A8CD900024F29F /* Products */,
			);
			sourceTree = "<group>";
		};
		D395984320A8CD900024F29F /* Products */ = {
			isa = PBXGroup;
			children = (
				D395984220A8CD900024F29F /* Home Depot Assessment.app */,
				D395985620A8CD920024F29F /* Home Depot AssessmentTests.xctest */,
				D395986120A8CD920024F29F /* Home Depot AssessmentUITests.xctest */,
			);
			name = Products;
			sourceTree = "<group>";
		};
		D395984420A8CD900024F29F /* Home Depot Assessment */ = {
			isa = PBXGroup;
			children = (
				D395987320A8CE270024F29F /* GridLayout.swift */,
				D395987420A8CE270024F29F /* ListLayout.swift */,
				D395984520A8CD900024F29F /* AppDelegate.swift */,
				D395984720A8CD900024F29F /* ViewController.swift */,
				D395984920A8CD900024F29F /* Main.storyboard */,
				D395984C20A8CD920024F29F /* Assets.xcassets */,
				D395984E20A8CD920024F29F /* LaunchScreen.storyboard */,
				D395985120A8CD920024F29F /* Info.plist */,
				D395987920A8D86E0024F29F /* DetailViewCell.swift */,
			);
			path = "Home Depot Assessment";
			sourceTree = "<group>";
		};
		D395985920A8CD920024F29F /* Home Depot AssessmentTests */ = {
			isa = PBXGroup;
			children = (
				D395985A20A8CD920024F29F /* Home_Depot_AssessmentTests.swift */,
				D395985C20A8CD920024F29F /* Info.plist */,
			);
			path = "Home Depot AssessmentTests";
			sourceTree = "<group>";
		};
		D395986420A8CD920024F29F /* Home Depot AssessmentUITests */ = {
			isa = PBXGroup;
			children = (
				D395986520A8CD920024F29F /* Home_Depot_AssessmentUITests.swift */,
				D395986720A8CD920024F29F /* Info.plist */,
			);
			path = "Home Depot AssessmentUITests";
			sourceTree = "<group>";
		};
/* End PBXGroup section */

/* Begin PBXNativeTarget section */
		D395984120A8CD900024F29F /* Home Depot Assessment */ = {
			isa = PBXNativeTarget;
			buildConfigurationList = D395986A20A8CD920024F29F /* Build configuration list for PBXNativeTarget "Home Depot Assessment" */;
			buildPhases = (
				D395983E20A8CD900024F29F /* Sources */,
				D395983F20A8CD900024F29F /* Frameworks */,
				D395984020A8CD900024F29F /* Resources */,
			);
			buildRules = (
			);
			dependencies = (
			);
			name = "Home Depot Assessment";
			productName = "Home Depot Assessment";
			productReference = D395984220A8CD900024F29F /* Home Depot Assessment.app */;
			productType = "com.apple.product-type.application";
		};
		D395985520A8CD920024F29F /* Home Depot AssessmentTests */ = {
			isa = PBXNativeTarget;
			buildConfigurationList = D395986D20A8CD920024F29F /* Build configuration list for PBXNativeTarget "Home Depot AssessmentTests" */;
			buildPhases = (
				D395985220A8CD920024F29F /* Sources */,
				D395985320A8CD920024F29F /* Frameworks */,
				D395985420A8CD920024F29F /* Resources */,
			);
			buildRules = (
			);
			dependencies = (
				D395985820A8CD920024F29F /* PBXTargetDependency */,
			);
			name = "Home Depot AssessmentTests";
			productName = "Home Depot AssessmentTests";
			productReference = D395985620A8CD920024F29F /* Home Depot AssessmentTests.xctest */;
			productType = "com.apple.product-type.bundle.unit-test";
		};
		D395986020A8CD920024F29F /* Home Depot AssessmentUITests */ = {
			isa = PBXNativeTarget;
			buildConfigurationList = D395987020A8CD920024F29F /* Build configuration list for PBXNativeTarget "Home Depot AssessmentUITests" */;
			buildPhases = (
				D395985D20A8CD920024F29F /* Sources */,
				D395985E20A8CD920024F29F /* Frameworks */,
				D395985F20A8CD920024F29F /* Resources */,
			);
			buildRules = (
			);
			dependencies = (
				D395986320A8CD920024F29F /* PBXTargetDependency */,
			);
			name = "Home Depot AssessmentUITests";
			productName = "Home Depot AssessmentUITests";
			productReference = D395986120A8CD920024F29F /* Home Depot AssessmentUITests.xctest */;
			productType = "com.apple.product-type.bundle.ui-testing";
		};
/* End PBXNativeTarget section */

/* Begin PBXProject section */
		D395983A20A8CD900024F29F /* Project object */ = {
			isa = PBXProject;
			attributes = {
				LastSwiftUpdateCheck = 0930;
				LastUpgradeCheck = 0930;
				ORGANIZATIONNAME = "Varun Mamindla";
				TargetAttributes = {
					D395984120A8CD900024F29F = {
						CreatedOnToolsVersion = 9.3;
					};
					D395985520A8CD920024F29F = {
						CreatedOnToolsVersion = 9.3;
						TestTargetID = D395984120A8CD900024F29F;
					};
					D395986020A8CD920024F29F = {
						CreatedOnToolsVersion = 9.3;
						TestTargetID = D395984120A8CD900024F29F;
					};
				};
			};
			buildConfigurationList = D395983D20A8CD900024F29F /* Build configuration list for PBXProject "Home Depot Assessment" */;
			compatibilityVersion = "Xcode 9.3";
			developmentRegion = en;
			hasScannedForEncodings = 0;
			knownRegions = (
				en,
				Base,
			);
			mainGroup = D395983920A8CD900024F29F;
			productRefGroup = D395984320A8CD900024F29F /* Products */;
			projectDirPath = "";
			projectRoot = "";
			targets = (
				D395984120A8CD900024F29F /* Home Depot Assessment */,
				D395985520A8CD920024F29F /* Home Depot AssessmentTests */,
				D395986020A8CD920024F29F /* Home Depot AssessmentUITests */,
			);
		};
/* End PBXProject section */

/* Begin PBXResourcesBuildPhase section */
		D395984020A8CD900024F29F /* Resources */ = {
			isa = PBXResourcesBuildPhase;
			buildActionMask = 2147483647;
			files = (
				D395985020A8CD920024F29F /* LaunchScreen.storyboard in Resources */,
				D395984D20A8CD920024F29F /* Assets.xcassets in Resources */,
				D395984B20A8CD900024F29F /* Main.storyboard in Resources */,
			);
			runOnlyForDeploymentPostprocessing = 0;
		};
		D395985420A8CD920024F29F /* Resources */ = {
			isa = PBXResourcesBuildPhase;
			buildActionMask = 2147483647;
			files = (
			);
			runOnlyForDeploymentPostprocessing = 0;
		};
		D395985F20A8CD920024F29F /* Resources */ = {
			isa = PBXResourcesBuildPhase;
			buildActionMask = 2147483647;
			files = (
			);
			runOnlyForDeploymentPostprocessing = 0;
		};
/* End PBXResourcesBuildPhase section */

/* Begin PBXSourcesBuildPhase section */
		D395983E20A8CD900024F29F /* Sources */ = {
			isa = PBXSourcesBuildPhase;
			buildActionMask = 2147483647;
			files = (
				D395987520A8CE270024F29F /* GridLayout.swift in Sources */,
				D395987620A8CE270024F29F /* ListLayout.swift in Sources */,
				D395987A20A8D86E0024F29F /* DetailViewCell.swift in Sources */,
				D395984820A8CD900024F29F /* ViewController.swift in Sources */,
				D395984620A8CD900024F29F /* AppDelegate.swift in Sources */,
			);
			runOnlyForDeploymentPostprocessing = 0;
		};
		D395985220A8CD920024F29F /* Sources */ = {
			isa = PBXSourcesBuildPhase;
			buildActionMask = 2147483647;
			files = (
				D395985B20A8CD920024F29F /* Home_Depot_AssessmentTests.swift in Sources */,
			);
			runOnlyForDeploymentPostprocessing = 0;
		};
		D395985D20A8CD920024F29F /* Sources */ = {
			isa = PBXSourcesBuildPhase;
			buildActionMask = 2147483647;
			files = (
				D395986620A8CD920024F29F /* Home_Depot_AssessmentUITests.swift in Sources */,
			);
			runOnlyForDeploymentPostprocessing = 0;
		};
/* End PBXSourcesBuildPhase section */

/* Begin PBXTargetDependency section */
		D395985820A8CD920024F29F /* PBXTargetDependency */ = {
			isa = PBXTargetDependency;
			target = D395984120A8CD900024F29F /* Home Depot Assessment */;
			targetProxy = D395985720A8CD920024F29F /* PBXContainerItemProxy */;
		};
		D395986320A8CD920024F29F /* PBXTargetDependency */ = {
			isa = PBXTargetDependency;
			target = D395984120A8CD900024F29F /* Home Depot Assessment */;
			targetProxy = D395986220A8CD920024F29F /* PBXContainerItemProxy */;
		};
/* End PBXTargetDependency section */

/* Begin PBXVariantGroup section */
		D395984920A8CD900024F29F /* Main.storyboard */ = {
			isa = PBXVariantGroup;
			children = (
				D395984A20A8CD900024F29F /* Base */,
			);
			name = Main.storyboard;
			sourceTree = "<group>";
		};
		D395984E20A8CD920024F29F /* LaunchScreen.storyboard */ = {
			isa = PBXVariantGroup;
			children = (
				D395984F20A8CD920024F29F /* Base */,
			);
			name = LaunchScreen.storyboard;
			sourceTree = "<group>";
		};
/* End PBXVariantGroup section */

/* Begin XCBuildConfiguration section */
		D395986820A8CD920024F29F /* Debug */ = {
			isa = XCBuildConfiguration;
			buildSettings = {
				ALWAYS_SEARCH_USER_PATHS = NO;
				CLANG_ANALYZER_NONNULL = YES;
				CLANG_ANALYZER_NUMBER_OBJECT_CONVERSION = YES_AGGRESSIVE;
				CLANG_CXX_LANGUAGE_STANDARD = "gnu++14";
				CLANG_CXX_LIBRARY = "libc++";
				CLANG_ENABLE_MODULES = YES;
				CLANG_ENABLE_OBJC_ARC = YES;
				CLANG_ENABLE_OBJC_WEAK = YES;
				CLANG_WARN_BLOCK_CAPTURE_AUTORELEASING = YES;
				CLANG_WARN_BOOL_CONVERSION = YES;
				CLANG_WARN_COMMA = YES;
				CLANG_WARN_CONSTANT_CONVERSION = YES;
				CLANG_WARN_DEPRECATED_OBJC_IMPLEMENTATIONS = YES;
				CLANG_WARN_DIRECT_OBJC_ISA_USAGE = YES_ERROR;
				CLANG_WARN_DOCUMENTATION_COMMENTS = YES;
				CLANG_WARN_EMPTY_BODY = YES;
				CLANG_WARN_ENUM_CONVERSION = YES;
				CLANG_WARN_INFINITE_RECURSION = YES;
				CLANG_WARN_INT_CONVERSION = YES;
				CLANG_WARN_NON_LITERAL_NULL_CONVERSION = YES;
				CLANG_WARN_OBJC_IMPLICIT_RETAIN_SELF = YES;
				CLANG_WARN_OBJC_LITERAL_CONVERSION = YES;
				CLANG_WARN_OBJC_ROOT_CLASS = YES_ERROR;
				CLANG_WARN_RANGE_LOOP_ANALYSIS = YES;
				CLANG_WARN_STRICT_PROTOTYPES = YES;
				CLANG_WARN_SUSPICIOUS_MOVE = YES;
				CLANG_WARN_UNGUARDED_AVAILABILITY = YES_AGGRESSIVE;
				CLANG_WARN_UNREACHABLE_CODE = YES;
				CLANG_WARN__DUPLICATE_METHOD_MATCH = YES;
				CODE_SIGN_IDENTITY = "iPhone Developer";
				COPY_PHASE_STRIP = NO;
				DEBUG_INFORMATION_FORMAT = dwarf;
				ENABLE_STRICT_OBJC_MSGSEND = YES;
				ENABLE_TESTABILITY = YES;
				GCC_C_LANGUAGE_STANDARD = gnu11;
				GCC_DYNAMIC_NO_PIC = NO;
				GCC_NO_COMMON_BLOCKS = YES;
				GCC_OPTIMIZATION_LEVEL = 0;
				GCC_PREPROCESSOR_DEFINITIONS = (
					"DEBUG=1",
					"$(inherited)",
				);
				GCC_WARN_64_TO_32_BIT_CONVERSION = YES;
				GCC_WARN_ABOUT_RETURN_TYPE = YES_ERROR;
				GCC_WARN_UNDECLARED_SELECTOR = YES;
				GCC_WARN_UNINITIALIZED_AUTOS = YES_AGGRESSIVE;
				GCC_WARN_UNUSED_FUNCTION = YES;
				GCC_WARN_UNUSED_VARIABLE = YES;
				IPHONEOS_DEPLOYMENT_TARGET = 11.3;
				MTL_ENABLE_DEBUG_INFO = YES;
				ONLY_ACTIVE_ARCH = YES;
				SDKROOT = iphoneos;
				SWIFT_ACTIVE_COMPILATION_CONDITIONS = DEBUG;
				SWIFT_OPTIMIZATION_LEVEL = "-Onone";
			};
			name = Debug;
		};
		D395986920A8CD920024F29F /* Release */ = {
			isa = XCBuildConfiguration;
			buildSettings = {
				ALWAYS_SEARCH_USER_PATHS = NO;
				CLANG_ANALYZER_NONNULL = YES;
				CLANG_ANALYZER_NUMBER_OBJECT_CONVERSION = YES_AGGRESSIVE;
				CLANG_CXX_LANGUAGE_STANDARD = "gnu++14";
				CLANG_CXX_LIBRARY = "libc++";
				CLANG_ENABLE_MODULES = YES;
				CLANG_ENABLE_OBJC_ARC = YES;
				CLANG_ENABLE_OBJC_WEAK = YES;
				CLANG_WARN_BLOCK_CAPTURE_AUTORELEASING = YES;
				CLANG_WARN_BOOL_CONVERSION = YES;
				CLANG_WARN_COMMA = YES;
				CLANG_WARN_CONSTANT_CONVERSION = YES;
				CLANG_WARN_DEPRECATED_OBJC_IMPLEMENTATIONS = YES;
				CLANG_WARN_DIRECT_OBJC_ISA_USAGE = YES_ERROR;
				CLANG_WARN_DOCUMENTATION_COMMENTS = YES;
				CLANG_WARN_EMPTY_BODY = YES;
				CLANG_WARN_ENUM_CONVERSION = YES;
				CLANG_WARN_INFINITE_RECURSION = YES;
				CLANG_WARN_INT_CONVERSION = YES;
				CLANG_WARN_NON_LITERAL_NULL_CONVERSION = YES;
				CLANG_WARN_OBJC_IMPLICIT_RETAIN_SELF = YES;
				CLANG_WARN_OBJC_LITERAL_CONVERSION = YES;
				CLANG_WARN_OBJC_ROOT_CLASS = YES_ERROR;
				CLANG_WARN_RANGE_LOOP_ANALYSIS = YES;
				CLANG_WARN_STRICT_PROTOTYPES = YES;
				CLANG_WARN_SUSPICIOUS_MOVE = YES;
				CLANG_WARN_UNGUARDED_AVAILABILITY = YES_AGGRESSIVE;
				CLANG_WARN_UNREACHABLE_CODE = YES;
				CLANG_WARN__DUPLICATE_METHOD_MATCH = YES;
				CODE_SIGN_IDENTITY = "iPhone Developer";
				COPY_PHASE_STRIP = NO;
				DEBUG_INFORMATION_FORMAT = "dwarf-with-dsym";
				ENABLE_NS_ASSERTIONS = NO;
				ENABLE_STRICT_OBJC_MSGSEND = YES;
				GCC_C_LANGUAGE_STANDARD = gnu11;
				GCC_NO_COMMON_BLOCKS = YES;
				GCC_WARN_64_TO_32_BIT_CONVERSION = YES;
				GCC_WARN_ABOUT_RETURN_TYPE = YES_ERROR;
				GCC_WARN_UNDECLARED_SELECTOR = YES;
				GCC_WARN_UNINITIALIZED_AUTOS = YES_AGGRESSIVE;
				GCC_WARN_UNUSED_FUNCTION = YES;
				GCC_WARN_UNUSED_VARIABLE = YES;
				IPHONEOS_DEPLOYMENT_TARGET = 11.3;
				MTL_ENABLE_DEBUG_INFO = NO;
				SDKROOT = iphoneos;
				SWIFT_COMPILATION_MODE = wholemodule;
				SWIFT_OPTIMIZATION_LEVEL = "-O";
				VALIDATE_PRODUCT = YES;
			};
			name = Release;
		};
		D395986B20A8CD920024F29F /* Debug */ = {
			isa = XCBuildConfiguration;
			buildSettings = {
				ASSETCATALOG_COMPILER_APPICON_NAME = AppIcon;
				CODE_SIGN_STYLE = Automatic;
				INFOPLIST_FILE = "Home Depot Assessment/Info.plist";
				LD_RUNPATH_SEARCH_PATHS = (
					"$(inherited)",
					"@executable_path/Frameworks",
				);
				PRODUCT_BUNDLE_IDENTIFIER = "homeDepot.Home-Depot-Assessment";
				PRODUCT_NAME = "$(TARGET_NAME)";
				SWIFT_VERSION = 4.0;
				TARGETED_DEVICE_FAMILY = "1,2";
			};
			name = Debug;
		};
		D395986C20A8CD920024F29F /* Release */ = {
			isa = XCBuildConfiguration;
			buildSettings = {
				ASSETCATALOG_COMPILER_APPICON_NAME = AppIcon;
				CODE_SIGN_STYLE = Automatic;
				INFOPLIST_FILE = "Home Depot Assessment/Info.plist";
				LD_RUNPATH_SEARCH_PATHS = (
					"$(inherited)",
					"@executable_path/Frameworks",
				);
				PRODUCT_BUNDLE_IDENTIFIER = "homeDepot.Home-Depot-Assessment";
				PRODUCT_NAME = "$(TARGET_NAME)";
				SWIFT_VERSION = 4.0;
				TARGETED_DEVICE_FAMILY = "1,2";
			};
			name = Release;
		};
		D395986E20A8CD920024F29F /* Debug */ = {
			isa = XCBuildConfiguration;
			buildSettings = {
				ALWAYS_EMBED_SWIFT_STANDARD_LIBRARIES = YES;
				BUNDLE_LOADER = "$(TEST_HOST)";
				CODE_SIGN_STYLE = Automatic;
				INFOPLIST_FILE = "Home Depot AssessmentTests/Info.plist";
				LD_RUNPATH_SEARCH_PATHS = (
					"$(inherited)",
					"@executable_path/Frameworks",
					"@loader_path/Frameworks",
				);
				PRODUCT_BUNDLE_IDENTIFIER = "homeDepot.Home-Depot-AssessmentTests";
				PRODUCT_NAME = "$(TARGET_NAME)";
				SWIFT_VERSION = 4.0;
				TARGETED_DEVICE_FAMILY = "1,2";
				TEST_HOST = "$(BUILT_PRODUCTS_DIR)/Home Depot Assessment.app/Home Depot Assessment";
			};
			name = Debug;
		};
		D395986F20A8CD920024F29F /* Release */ = {
			isa = XCBuildConfiguration;
			buildSettings = {
				ALWAYS_EMBED_SWIFT_STANDARD_LIBRARIES = YES;
				BUNDLE_LOADER = "$(TEST_HOST)";
				CODE_SIGN_STYLE = Automatic;
				INFOPLIST_FILE = "Home Depot AssessmentTests/Info.plist";
				LD_RUNPATH_SEARCH_PATHS = (
					"$(inherited)",
					"@executable_path/Frameworks",
					"@loader_path/Frameworks",
				);
				PRODUCT_BUNDLE_IDENTIFIER = "homeDepot.Home-Depot-AssessmentTests";
				PRODUCT_NAME = "$(TARGET_NAME)";
				SWIFT_VERSION = 4.0;
				TARGETED_DEVICE_FAMILY = "1,2";
				TEST_HOST = "$(BUILT_PRODUCTS_DIR)/Home Depot Assessment.app/Home Depot Assessment";
			};
			name = Release;
		};
		D395987120A8CD920024F29F /* Debug */ = {
			isa = XCBuildConfiguration;
			buildSettings = {
				ALWAYS_EMBED_SWIFT_STANDARD_LIBRARIES = YES;
				CODE_SIGN_STYLE = Automatic;
				INFOPLIST_FILE = "Home Depot AssessmentUITests/Info.plist";
				LD_RUNPATH_SEARCH_PATHS = (
					"$(inherited)",
					"@executable_path/Frameworks",
					"@loader_path/Frameworks",
				);
				PRODUCT_BUNDLE_IDENTIFIER = "homeDepot.Home-Depot-AssessmentUITests";
				PRODUCT_NAME = "$(TARGET_NAME)";
				SWIFT_VERSION = 4.0;
				TARGETED_DEVICE_FAMILY = "1,2";
				TEST_TARGET_NAME = "Home Depot Assessment";
			};
			name = Debug;
		};
		D395987220A8CD920024F29F /* Release */ = {
			isa = XCBuildConfiguration;
			buildSettings = {
				ALWAYS_EMBED_SWIFT_STANDARD_LIBRARIES = YES;
				CODE_SIGN_STYLE = Automatic;
				INFOPLIST_FILE = "Home Depot AssessmentUITests/Info.plist";
				LD_RUNPATH_SEARCH_PATHS = (
					"$(inherited)",
					"@executable_path/Frameworks",
					"@loader_path/Frameworks",
				);
				PRODUCT_BUNDLE_IDENTIFIER = "homeDepot.Home-Depot-AssessmentUITests";
				PRODUCT_NAME = "$(TARGET_NAME)";
				SWIFT_VERSION = 4.0;
				TARGETED_DEVICE_FAMILY = "1,2";
				TEST_TARGET_NAME = "Home Depot Assessment";
			};
			name = Release;
		};
/* End XCBuildConfiguration section */

/* Begin XCConfigurationList section */
		D395983D20A8CD900024F29F /* Build configuration list for PBXProject "Home Depot Assessment" */ = {
			isa = XCConfigurationList;
			buildConfigurations = (
				D395986820A8CD920024F29F /* Debug */,
				D395986920A8CD920024F29F /* Release */,
			);
			defaultConfigurationIsVisible = 0;
			defaultConfigurationName = Release;
		};
		D395986A20A8CD920024F29F /* Build configuration list for PBXNativeTarget "Home Depot Assessment" */ = {
			isa = XCConfigurationList;
			buildConfigurations = (
				D395986B20A8CD920024F29F /* Debug */,
				D395986C20A8CD920024F29F /* Release */,
			);
			defaultConfigurationIsVisible = 0;
			defaultConfigurationName = Release;
		};
		D395986D20A8CD920024F29F /* Build configuration list for PBXNativeTarget "Home Depot AssessmentTests" */ = {
			isa = XCConfigurationList;
			buildConfigurations = (
				D395986E20A8CD920024F29F /* Debug */,
				D395986F20A8CD920024F29F /* Release */,
			);
			defaultConfigurationIsVisible = 0;
			defaultConfigurationName = Release;
		};
		D395987020A8CD920024F29F /* Build configuration list for PBXNativeTarget "Home Depot AssessmentUITests" */ = {
			isa = XCConfigurationList;
			buildConfigurations = (
				D395987120A8CD920024F29F /* Debug */,
				D395987220A8CD920024F29F /* Release */,
			);
			defaultConfigurationIsVisible = 0;
			defaultConfigurationName = Release;
		};
/* End XCConfigurationList section */
	};
	rootObject = D395983A20A8CD900024F29F /* Project object */;
}
